
Microsoft Visual Studio Solution File, Format Version 12.00
# Visual Studio Version 17
VisualStudioVersion = 17.3.32929.385
MinimumVisualStudioVersion = 10.0.40219.1
Project("{FAE04EC0-301F-11D3-BF4B-00C04F79EFBC}") = "Sn.AsciiArt", "Sn.AsciiArt\Sn.AsciiArt.csproj", "{A2C5FEB0-82F8-4594-9CE0-566113155AAD}"
EndProject
Project("{FAE04EC0-301F-11D3-BF4B-00C04F79EFBC}") = "TestConsole", "TestConsole\TestConsole.csproj", "{AE0A15BA-B963-4BBC-B071-4D16582C7ED8}"
EndProject
Global
	GlobalSection(SolutionConfigurationPlatforms) = preSolution
		Debug|Any CPU = Debug|Any CPU
		Release|Any CPU = Release|Any CPU
	EndGlobalSection
	GlobalSection(ProjectConfigurationPlatforms) = postSolution
		{A2C5FEB0-82F8-4594-9CE0-566113155AAD}.Debug|Any CPU.ActiveCfg = Debug|Any CPU
		{A2C5FEB0-82F8-4594-9CE0-566113155AAD}.Debug|Any CPU.Build.0 = Debug|Any CPU
		{A2C5FEB0-82F8-4594-9CE0-566113155AAD}.Release|Any CPU.ActiveCfg = Release|Any CPU
		{A2C5FEB0-82F8-4594-9CE0-566113155AAD}.Release|Any CPU.Build.0 = Release|Any CPU
		{AE0A15BA-B963-4BBC-B071-4D16582C7ED8}.Debug|Any CPU.ActiveCfg = Debug|Any CPU
		{AE0A15BA-B963-4BBC-B071-4D16582C7ED8}.Debug|Any CPU.Build.0 = Debug|Any CPU
		{AE0A15BA-B963-4BBC-B071-4D16582C7ED8}.Release|Any CPU.ActiveCfg = Release|Any CPU
		{AE0A15BA-B963-4BBC-B071-4D16582C7ED8}.Release|Any CPU.Build.0 = Release|Any CPU
	EndGlobalSection
	GlobalSection(SolutionProperties) = preSolution
		HideSolutionNode = FALSE
	EndGlobalSection
	GlobalSection(ExtensibilityGlobals) = postSolution
		SolutionGuid = {5FB7E25F-78FD-4200-A5AF-16894FE1218E}
	EndGlobalSection
EndGlobal
